// !$*UTF8*$!
{
	archiveVersion = 1;
	classes = {
	};
	objectVersion = 56;
	objects = {

/* Begin PBXBuildFile section */
		11535A322A021271005C0BBC /* data.json in Resources */ = {isa = PBXBuildFile; fileRef = 11535A312A021271005C0BBC /* data.json */; };
		11535A342A02E0CA005C0BBC /* HomeViewRow.swift in Sources */ = {isa = PBXBuildFile; fileRef = 11535A332A02E0CA005C0BBC /* HomeViewRow.swift */; };
		11535A362A03102C005C0BBC /* ContentView.swift in Sources */ = {isa = PBXBuildFile; fileRef = 11535A352A03102C005C0BBC /* ContentView.swift */; };
		11535A382A0346A4005C0BBC /* ContentViewRow.swift in Sources */ = {isa = PBXBuildFile; fileRef = 11535A372A0346A4005C0BBC /* ContentViewRow.swift */; };
		11535A3A2A034D09005C0BBC /* ContentDetailView.swift in Sources */ = {isa = PBXBuildFile; fileRef = 11535A392A034D09005C0BBC /* ContentDetailView.swift */; };
		11535A3D2A035590005C0BBC /* AVKit.framework in Frameworks */ = {isa = PBXBuildFile; fileRef = 11535A3C2A03558F005C0BBC /* AVKit.framework */; };
		11535A3F2A035809005C0BBC /*  Constants.swift in Sources */ = {isa = PBXBuildFile; fileRef = 11535A3E2A035809005C0BBC /*  Constants.swift */; };
		11535A7A2A04B2C0005C0BBC /* CodeTextView.swift in Sources */ = {isa = PBXBuildFile; fileRef = 11535A792A04B2C0005C0BBC /* CodeTextView.swift */; };
		11535AB42A09889A005C0BBC /* RectangleCard.swift in Sources */ = {isa = PBXBuildFile; fileRef = 11535AB32A09889A005C0BBC /* RectangleCard.swift */; };
		11E4E7D22A01CD13000859DD /* LearningApp.swift in Sources */ = {isa = PBXBuildFile; fileRef = 11E4E7D12A01CD13000859DD /* LearningApp.swift */; };
		11E4E7D42A01CD13000859DD /* HomeView.swift in Sources */ = {isa = PBXBuildFile; fileRef = 11E4E7D32A01CD13000859DD /* HomeView.swift */; };
		11E4E7D62A01CD15000859DD /* Assets.xcassets in Resources */ = {isa = PBXBuildFile; fileRef = 11E4E7D52A01CD15000859DD /* Assets.xcassets */; };
		11E4E7D92A01CD15000859DD /* Preview Assets.xcassets in Resources */ = {isa = PBXBuildFile; fileRef = 11E4E7D82A01CD15000859DD /* Preview Assets.xcassets */; };
		11E4E7E52A01CF57000859DD /* ContentModel.swift in Sources */ = {isa = PBXBuildFile; fileRef = 11E4E7E42A01CF57000859DD /* ContentModel.swift */; };
		11E4E7E82A01F3AC000859DD /* style.html in Resources */ = {isa = PBXBuildFile; fileRef = 11E4E7E62A01F3AC000859DD /* style.html */; };
		11E4E7EB2A01F5BE000859DD /* Models.swift in Sources */ = {isa = PBXBuildFile; fileRef = 11E4E7EA2A01F5BD000859DD /* Models.swift */; };
/* End PBXBuildFile section */

/* Begin PBXFileReference section */
		11535A312A021271005C0BBC /* data.json */ = {isa = PBXFileReference; lastKnownFileType = text.json; path = data.json; sourceTree = "<group>"; };
		11535A332A02E0CA005C0BBC /* HomeViewRow.swift */ = {isa = PBXFileReference; lastKnownFileType = sourcecode.swift; path = HomeViewRow.swift; sourceTree = "<group>"; };
		11535A352A03102C005C0BBC /* ContentView.swift */ = {isa = PBXFileReference; lastKnownFileType = sourcecode.swift; path = ContentView.swift; sourceTree = "<group>"; };
		11535A372A0346A4005C0BBC /* ContentViewRow.swift */ = {isa = PBXFileReference; lastKnownFileType = sourcecode.swift; path = ContentViewRow.swift; sourceTree = "<group>"; };
		11535A392A034D09005C0BBC /* ContentDetailView.swift */ = {isa = PBXFileReference; lastKnownFileType = sourcecode.swift; path = ContentDetailView.swift; sourceTree = "<group>"; };
		11535A3C2A03558F005C0BBC /* AVKit.framework */ = {isa = PBXFileReference; lastKnownFileType = wrapper.framework; name = AVKit.framework; path = System/Library/Frameworks/AVKit.framework; sourceTree = SDKROOT; };
		11535A3E2A035809005C0BBC /*  Constants.swift */ = {isa = PBXFileReference; lastKnownFileType = sourcecode.swift; path = " Constants.swift"; sourceTree = "<group>"; };
		11535A792A04B2C0005C0BBC /* CodeTextView.swift */ = {isa = PBXFileReference; lastKnownFileType = sourcecode.swift; path = CodeTextView.swift; sourceTree = "<group>"; };
		11535AB32A09889A005C0BBC /* RectangleCard.swift */ = {isa = PBXFileReference; lastKnownFileType = sourcecode.swift; path = RectangleCard.swift; sourceTree = "<group>"; };
		11E4E7CE2A01CD13000859DD /* LearningApp.app */ = {isa = PBXFileReference; explicitFileType = wrapper.application; includeInIndex = 0; path = LearningApp.app; sourceTree = BUILT_PRODUCTS_DIR; };
		11E4E7D12A01CD13000859DD /* LearningApp.swift */ = {isa = PBXFileReference; lastKnownFileType = sourcecode.swift; path = LearningApp.swift; sourceTree = "<group>"; };
		11E4E7D32A01CD13000859DD /* HomeView.swift */ = {isa = PBXFileReference; lastKnownFileType = sourcecode.swift; path = HomeView.swift; sourceTree = "<group>"; };
		11E4E7D52A01CD15000859DD /* Assets.xcassets */ = {isa = PBXFileReference; lastKnownFileType = folder.assetcatalog; path = Assets.xcassets; sourceTree = "<group>"; };
		11E4E7D82A01CD15000859DD /* Preview Assets.xcassets */ = {isa = PBXFileReference; lastKnownFileType = folder.assetcatalog; path = "Preview Assets.xcassets"; sourceTree = "<group>"; };
		11E4E7E42A01CF57000859DD /* ContentModel.swift */ = {isa = PBXFileReference; lastKnownFileType = sourcecode.swift; path = ContentModel.swift; sourceTree = "<group>"; };
		11E4E7E62A01F3AC000859DD /* style.html */ = {isa = PBXFileReference; fileEncoding = 4; lastKnownFileType = text.html; path = style.html; sourceTree = "<group>"; };
		11E4E7EA2A01F5BD000859DD /* Models.swift */ = {isa = PBXFileReference; lastKnownFileType = sourcecode.swift; path = Models.swift; sourceTree = "<group>"; };
/* End PBXFileReference section */

/* Begin PBXFrameworksBuildPhase section */
		11E4E7CB2A01CD13000859DD /* Frameworks */ = {
			isa = PBXFrameworksBuildPhase;
			buildActionMask = 2147483647;
			files = (
				11535A3D2A035590005C0BBC /* AVKit.framework in Frameworks */,
			);
			runOnlyForDeploymentPostprocessing = 0;
		};
/* End PBXFrameworksBuildPhase section */

/* Begin PBXGroup section */
		11535A3B2A03558F005C0BBC /* Frameworks */ = {
			isa = PBXGroup;
			children = (
				11535A3C2A03558F005C0BBC /* AVKit.framework */,
			);
			name = Frameworks;
			sourceTree = "<group>";
		};
		11E4E7C52A01CD13000859DD = {
			isa = PBXGroup;
			children = (
				11E4E7D02A01CD13000859DD /* LearningApp */,
				11E4E7CF2A01CD13000859DD /* Products */,
				11535A3B2A03558F005C0BBC /* Frameworks */,
			);
			sourceTree = "<group>";
		};
		11E4E7CF2A01CD13000859DD /* Products */ = {
			isa = PBXGroup;
			children = (
				11E4E7CE2A01CD13000859DD /* LearningApp.app */,
			);
			name = Products;
			sourceTree = "<group>";
		};
		11E4E7D02A01CD13000859DD /* LearningApp */ = {
			isa = PBXGroup;
			children = (
				11E4E7D12A01CD13000859DD /* LearningApp.swift */,
				11E4E7DF2A01CE65000859DD /* Views */,
				11E4E7E02A01CE72000859DD /* ViewModels */,
				11E4E7E12A01CE86000859DD /* Models */,
				11E4E7E22A01CE9C000859DD /* Resources */,
				11E4E7E32A01CEBF000859DD /* Helpers */,
				11E4E7D52A01CD15000859DD /* Assets.xcassets */,
				11E4E7D72A01CD15000859DD /* Preview Content */,
			);
			path = LearningApp;
			sourceTree = "<group>";
		};
		11E4E7D72A01CD15000859DD /* Preview Content */ = {
			isa = PBXGroup;
			children = (
				11E4E7D82A01CD15000859DD /* Preview Assets.xcassets */,
			);
			path = "Preview Content";
			sourceTree = "<group>";
		};
		11E4E7DF2A01CE65000859DD /* Views */ = {
			isa = PBXGroup;
			children = (
				11E4E7D32A01CD13000859DD /* HomeView.swift */,
				11535A332A02E0CA005C0BBC /* HomeViewRow.swift */,
				11535A352A03102C005C0BBC /* ContentView.swift */,
				11535A372A0346A4005C0BBC /* ContentViewRow.swift */,
				11535A392A034D09005C0BBC /* ContentDetailView.swift */,
				11535A792A04B2C0005C0BBC /* CodeTextView.swift */,
				11535AB32A09889A005C0BBC /* RectangleCard.swift */,
			);
			path = Views;
			sourceTree = "<group>";
		};
		11E4E7E02A01CE72000859DD /* ViewModels */ = {
			isa = PBXGroup;
			children = (
				11E4E7E42A01CF57000859DD /* ContentModel.swift */,
			);
			path = ViewModels;
			sourceTree = "<group>";
		};
		11E4E7E12A01CE86000859DD /* Models */ = {
			isa = PBXGroup;
			children = (
				11E4E7EA2A01F5BD000859DD /* Models.swift */,
			);
			path = Models;
			sourceTree = "<group>";
		};
		11E4E7E22A01CE9C000859DD /* Resources */ = {
			isa = PBXGroup;
			children = (
				11E4E7E62A01F3AC000859DD /* style.html */,
				11535A312A021271005C0BBC /* data.json */,
				11535A3E2A035809005C0BBC /*  Constants.swift */,
			);
			path = Resources;
			sourceTree = "<group>";
		};
		11E4E7E32A01CEBF000859DD /* Helpers */ = {
			isa = PBXGroup;
			children = (
			);
			path = Helpers;
			sourceTree = "<group>";
		};
/* End PBXGroup section */

/* Begin PBXNativeTarget section */
		11E4E7CD2A01CD13000859DD /* LearningApp */ = {
			isa = PBXNativeTarget;
			buildConfigurationList = 11E4E7DC2A01CD15000859DD /* Build configuration list for PBXNativeTarget "LearningApp" */;
			buildPhases = (
				11E4E7CA2A01CD13000859DD /* Sources */,
				11E4E7CB2A01CD13000859DD /* Frameworks */,
				11E4E7CC2A01CD13000859DD /* Resources */,
			);
			buildRules = (
			);
			dependencies = (
			);
			name = LearningApp;
			productName = LearningApp;
			productReference = 11E4E7CE2A01CD13000859DD /* LearningApp.app */;
			productType = "com.apple.product-type.application";
		};
/* End PBXNativeTarget section */

/* Begin PBXProject section */
		11E4E7C62A01CD13000859DD /* Project object */ = {
			isa = PBXProject;
			attributes = {
				BuildIndependentTargetsInParallel = 1;
				LastSwiftUpdateCheck = 1420;
				LastUpgradeCheck = 1420;
				TargetAttributes = {
					11E4E7CD2A01CD13000859DD = {
						CreatedOnToolsVersion = 14.2;
					};
				};
			};
			buildConfigurationList = 11E4E7C92A01CD13000859DD /* Build configuration list for PBXProject "LearningApp" */;
			compatibilityVersion = "Xcode 14.0";
			developmentRegion = en;
			hasScannedForEncodings = 0;
			knownRegions = (
				en,
				Base,
			);
			mainGroup = 11E4E7C52A01CD13000859DD;
			productRefGroup = 11E4E7CF2A01CD13000859DD /* Products */;
			projectDirPath = "";
			projectRoot = "";
			targets = (
				11E4E7CD2A01CD13000859DD /* LearningApp */,
			);
		};
/* End PBXProject section */

/* Begin PBXResourcesBuildPhase section */
		11E4E7CC2A01CD13000859DD /* Resources */ = {
			isa = PBXResourcesBuildPhase;
			buildActionMask = 2147483647;
			files = (
				11E4E7E82A01F3AC000859DD /* style.html in Resources */,
				11E4E7D92A01CD15000859DD /* Preview Assets.xcassets in Resources */,
				11E4E7D62A01CD15000859DD /* Assets.xcassets in Resources */,
				11535A322A021271005C0BBC /* data.json in Resources */,
			);
			runOnlyForDeploymentPostprocessing = 0;
		};
/* End PBXResourcesBuildPhase section */

/* Begin PBXSourcesBuildPhase section */
		11E4E7CA2A01CD13000859DD /* Sources */ = {
			isa = PBXSourcesBuildPhase;
			buildActionMask = 2147483647;
			files = (
				11535A3F2A035809005C0BBC /*  Constants.swift in Sources */,
				11E4E7D42A01CD13000859DD /* HomeView.swift in Sources */,
				11535A342A02E0CA005C0BBC /* HomeViewRow.swift in Sources */,
				11535A362A03102C005C0BBC /* ContentView.swift in Sources */,
				11535A3A2A034D09005C0BBC /* ContentDetailView.swift in Sources */,
				11E4E7D22A01CD13000859DD /* LearningApp.swift in Sources */,
				11535A7A2A04B2C0005C0BBC /* CodeTextView.swift in Sources */,
				11535A382A0346A4005C0BBC /* ContentViewRow.swift in Sources */,
				11E4E7E52A01CF57000859DD /* ContentModel.swift in Sources */,
				11535AB42A09889A005C0BBC /* RectangleCard.swift in Sources */,
				11E4E7EB2A01F5BE000859DD /* Models.swift in Sources */,
			);
			runOnlyForDeploymentPostprocessing = 0;
		};
/* End PBXSourcesBuildPhase section */

/* Begin XCBuildConfiguration section */
		11E4E7DA2A01CD15000859DD /* Debug */ = {
			isa = XCBuildConfiguration;
			buildSettings = {
				ALWAYS_SEARCH_USER_PATHS = NO;
				CLANG_ANALYZER_NONNULL = YES;
				CLANG_ANALYZER_NUMBER_OBJECT_CONVERSION = YES_AGGRESSIVE;
				CLANG_CXX_LANGUAGE_STANDARD = "gnu++20";
				CLANG_ENABLE_MODULES = YES;
				CLANG_ENABLE_OBJC_ARC = YES;
				CLANG_ENABLE_OBJC_WEAK = YES;
				CLANG_WARN_BLOCK_CAPTURE_AUTORELEASING = YES;
				CLANG_WARN_BOOL_CONVERSION = YES;
				CLANG_WARN_COMMA = YES;
				CLANG_WARN_CONSTANT_CONVERSION = YES;
				CLANG_WARN_DEPRECATED_OBJC_IMPLEMENTATIONS = YES;
				CLANG_WARN_DIRECT_OBJC_ISA_USAGE = YES_ERROR;
				CLANG_WARN_DOCUMENTATION_COMMENTS = YES;
				CLANG_WARN_EMPTY_BODY = YES;
				CLANG_WARN_ENUM_CONVERSION = YES;
				CLANG_WARN_INFINITE_RECURSION = YES;
				CLANG_WARN_INT_CONVERSION = YES;
				CLANG_WARN_NON_LITERAL_NULL_CONVERSION = YES;
				CLANG_WARN_OBJC_IMPLICIT_RETAIN_SELF = YES;
				CLANG_WARN_OBJC_LITERAL_CONVERSION = YES;
				CLANG_WARN_OBJC_ROOT_CLASS = YES_ERROR;
				CLANG_WARN_QUOTED_INCLUDE_IN_FRAMEWORK_HEADER = YES;
				CLANG_WARN_RANGE_LOOP_ANALYSIS = YES;
				CLANG_WARN_STRICT_PROTOTYPES = YES;
				CLANG_WARN_SUSPICIOUS_MOVE = YES;
				CLANG_WARN_UNGUARDED_AVAILABILITY = YES_AGGRESSIVE;
				CLANG_WARN_UNREACHABLE_CODE = YES;
				CLANG_WARN__DUPLICATE_METHOD_MATCH = YES;
				COPY_PHASE_STRIP = NO;
				DEBUG_INFORMATION_FORMAT = dwarf;
				ENABLE_STRICT_OBJC_MSGSEND = YES;
				ENABLE_TESTABILITY = YES;
				GCC_C_LANGUAGE_STANDARD = gnu11;
				GCC_DYNAMIC_NO_PIC = NO;
				GCC_NO_COMMON_BLOCKS = YES;
				GCC_OPTIMIZATION_LEVEL = 0;
				GCC_PREPROCESSOR_DEFINITIONS = (
					"DEBUG=1",
					"$(inherited)",
				);
				GCC_WARN_64_TO_32_BIT_CONVERSION = YES;
				GCC_WARN_ABOUT_RETURN_TYPE = YES_ERROR;
				GCC_WARN_UNDECLARED_SELECTOR = YES;
				GCC_WARN_UNINITIALIZED_AUTOS = YES_AGGRESSIVE;
				GCC_WARN_UNUSED_FUNCTION = YES;
				GCC_WARN_UNUSED_VARIABLE = YES;
				IPHONEOS_DEPLOYMENT_TARGET = 16.2;
				MTL_ENABLE_DEBUG_INFO = INCLUDE_SOURCE;
				MTL_FAST_MATH = YES;
				ONLY_ACTIVE_ARCH = YES;
				SDKROOT = iphoneos;
				SWIFT_ACTIVE_COMPILATION_CONDITIONS = DEBUG;
				SWIFT_OPTIMIZATION_LEVEL = "-Onone";
			};
			name = Debug;
		};
		11E4E7DB2A01CD15000859DD /* Release */ = {
			isa = XCBuildConfiguration;
			buildSettings = {
				ALWAYS_SEARCH_USER_PATHS = NO;
				CLANG_ANALYZER_NONNULL = YES;
				CLANG_ANALYZER_NUMBER_OBJECT_CONVERSION = YES_AGGRESSIVE;
				CLANG_CXX_LANGUAGE_STANDARD = "gnu++20";
				CLANG_ENABLE_MODULES = YES;
				CLANG_ENABLE_OBJC_ARC = YES;
				CLANG_ENABLE_OBJC_WEAK = YES;
				CLANG_WARN_BLOCK_CAPTURE_AUTORELEASING = YES;
				CLANG_WARN_BOOL_CONVERSION = YES;
				CLANG_WARN_COMMA = YES;
				CLANG_WARN_CONSTANT_CONVERSION = YES;
				CLANG_WARN_DEPRECATED_OBJC_IMPLEMENTATIONS = YES;
				CLANG_WARN_DIRECT_OBJC_ISA_USAGE = YES_ERROR;
				CLANG_WARN_DOCUMENTATION_COMMENTS = YES;
				CLANG_WARN_EMPTY_BODY = YES;
				CLANG_WARN_ENUM_CONVERSION = YES;
				CLANG_WARN_INFINITE_RECURSION = YES;
				CLANG_WARN_INT_CONVERSION = YES;
				CLANG_WARN_NON_LITERAL_NULL_CONVERSION = YES;
				CLANG_WARN_OBJC_IMPLICIT_RETAIN_SELF = YES;
				CLANG_WARN_OBJC_LITERAL_CONVERSION = YES;
				CLANG_WARN_OBJC_ROOT_CLASS = YES_ERROR;
				CLANG_WARN_QUOTED_INCLUDE_IN_FRAMEWORK_HEADER = YES;
				CLANG_WARN_RANGE_LOOP_ANALYSIS = YES;
				CLANG_WARN_STRICT_PROTOTYPES = YES;
				CLANG_WARN_SUSPICIOUS_MOVE = YES;
				CLANG_WARN_UNGUARDED_AVAILABILITY = YES_AGGRESSIVE;
				CLANG_WARN_UNREACHABLE_CODE = YES;
				CLANG_WARN__DUPLICATE_METHOD_MATCH = YES;
				COPY_PHASE_STRIP = NO;
				DEBUG_INFORMATION_FORMAT = "dwarf-with-dsym";
				ENABLE_NS_ASSERTIONS = NO;
				ENABLE_STRICT_OBJC_MSGSEND = YES;
				GCC_C_LANGUAGE_STANDARD = gnu11;
				GCC_NO_COMMON_BLOCKS = YES;
				GCC_WARN_64_TO_32_BIT_CONVERSION = YES;
				GCC_WARN_ABOUT_RETURN_TYPE = YES_ERROR;
				GCC_WARN_UNDECLARED_SELECTOR = YES;
				GCC_WARN_UNINITIALIZED_AUTOS = YES_AGGRESSIVE;
				GCC_WARN_UNUSED_FUNCTION = YES;
				GCC_WARN_UNUSED_VARIABLE = YES;
				IPHONEOS_DEPLOYMENT_TARGET = 16.2;
				MTL_ENABLE_DEBUG_INFO = NO;
				MTL_FAST_MATH = YES;
				SDKROOT = iphoneos;
				SWIFT_COMPILATION_MODE = wholemodule;
				SWIFT_OPTIMIZATION_LEVEL = "-O";
				VALIDATE_PRODUCT = YES;
			};
			name = Release;
		};
		11E4E7DD2A01CD15000859DD /* Debug */ = {
			isa = XCBuildConfiguration;
			buildSettings = {
				ASSETCATALOG_COMPILER_APPICON_NAME = AppIcon;
				ASSETCATALOG_COMPILER_GLOBAL_ACCENT_COLOR_NAME = AccentColor;
				CODE_SIGN_STYLE = Automatic;
				CURRENT_PROJECT_VERSION = 1;
				DEVELOPMENT_ASSET_PATHS = "\"LearningApp/Preview Content\"";
				ENABLE_PREVIEWS = YES;
				GENERATE_INFOPLIST_FILE = YES;
				INFOPLIST_KEY_UIApplicationSceneManifest_Generation = YES;
				INFOPLIST_KEY_UIApplicationSupportsIndirectInputEvents = YES;
				INFOPLIST_KEY_UILaunchScreen_Generation = YES;
				INFOPLIST_KEY_UISupportedInterfaceOrientations_iPad = "UIInterfaceOrientationPortrait UIInterfaceOrientationPortraitUpsideDown UIInterfaceOrientationLandscapeLeft UIInterfaceOrientationLandscapeRight";
				INFOPLIST_KEY_UISupportedInterfaceOrientations_iPhone = "UIInterfaceOrientationPortrait UIInterfaceOrientationLandscapeLeft UIInterfaceOrientationLandscapeRight";
				LD_RUNPATH_SEARCH_PATHS = (
					"$(inherited)",
					"@executable_path/Frameworks",
				);
				MARKETING_VERSION = 1.0;
				PRODUCT_BUNDLE_IDENTIFIER = com.ericruston.LearningApp;
				PRODUCT_NAME = "$(TARGET_NAME)";
				SWIFT_EMIT_LOC_STRINGS = YES;
				SWIFT_VERSION = 5.0;
				TARGETED_DEVICE_FAMILY = "1,2";
			};
			name = Debug;
		};
		11E4E7DE2A01CD15000859DD /* Release */ = {
			isa = XCBuildConfiguration;
			buildSettings = {
				ASSETCATALOG_COMPILER_APPICON_NAME = AppIcon;
				ASSETCATALOG_COMPILER_GLOBAL_ACCENT_COLOR_NAME = AccentColor;
				CODE_SIGN_STYLE = Automatic;
				CURRENT_PROJECT_VERSION = 1;
				DEVELOPMENT_ASSET_PATHS = "\"LearningApp/Preview Content\"";
				ENABLE_PREVIEWS = YES;
				GENERATE_INFOPLIST_FILE = YES;
				INFOPLIST_KEY_UIApplicationSceneManifest_Generation = YES;
				INFOPLIST_KEY_UIApplicationSupportsIndirectInputEvents = YES;
				INFOPLIST_KEY_UILaunchScreen_Generation = YES;
				INFOPLIST_KEY_UISupportedInterfaceOrientations_iPad = "UIInterfaceOrientationPortrait UIInterfaceOrientationPortraitUpsideDown UIInterfaceOrientationLandscapeLeft UIInterfaceOrientationLandscapeRight";
				INFOPLIST_KEY_UISupportedInterfaceOrientations_iPhone = "UIInterfaceOrientationPortrait UIInterfaceOrientationLandscapeLeft UIInterfaceOrientationLandscapeRight";
				LD_RUNPATH_SEARCH_PATHS = (
					"$(inherited)",
					"@executable_path/Frameworks",
				);
				MARKETING_VERSION = 1.0;
				PRODUCT_BUNDLE_IDENTIFIER = com.ericruston.LearningApp;
				PRODUCT_NAME = "$(TARGET_NAME)";
				SWIFT_EMIT_LOC_STRINGS = YES;
				SWIFT_VERSION = 5.0;
				TARGETED_DEVICE_FAMILY = "1,2";
			};
			name = Release;
		};
/* End XCBuildConfiguration section */

/* Begin XCConfigurationList section */
		11E4E7C92A01CD13000859DD /* Build configuration list for PBXProject "LearningApp" */ = {
			isa = XCConfigurationList;
			buildConfigurations = (
				11E4E7DA2A01CD15000859DD /* Debug */,
				11E4E7DB2A01CD15000859DD /* Release */,
			);
			defaultConfigurationIsVisible = 0;
			defaultConfigurationName = Release;
		};
		11E4E7DC2A01CD15000859DD /* Build configuration list for PBXNativeTarget "LearningApp" */ = {
			isa = XCConfigurationList;
			buildConfigurations = (
				11E4E7DD2A01CD15000859DD /* Debug */,
				11E4E7DE2A01CD15000859DD /* Release */,
			);
			defaultConfigurationIsVisible = 0;
			defaultConfigurationName = Release;
		};
/* End XCConfigurationList section */
	};
	rootObject = 11E4E7C62A01CD13000859DD /* Project object */;
}
